// !$*UTF8*$!
{
	archiveVersion = 1;
	classes = {
	};
	objectVersion = 55;
	objects = {

/* Begin PBXBuildFile section */
		5C24CA05274BABEF00E221FE /* AppDelegate.swift in Sources */ = {isa = PBXBuildFile; fileRef = 5C24CA04274BABEF00E221FE /* AppDelegate.swift */; };
		5C24CA07274BABEF00E221FE /* SceneDelegate.swift in Sources */ = {isa = PBXBuildFile; fileRef = 5C24CA06274BABEF00E221FE /* SceneDelegate.swift */; };
		5C24CA09274BABEF00E221FE /* ViewController.swift in Sources */ = {isa = PBXBuildFile; fileRef = 5C24CA08274BABEF00E221FE /* ViewController.swift */; };
		5C24CA0C274BABEF00E221FE /* Main.storyboard in Resources */ = {isa = PBXBuildFile; fileRef = 5C24CA0A274BABEF00E221FE /* Main.storyboard */; };
		5C24CA0F274BABEF00E221FE /* Challenge.xcdatamodeld in Sources */ = {isa = PBXBuildFile; fileRef = 5C24CA0D274BABEF00E221FE /* Challenge.xcdatamodeld */; };
		5C24CA11274BABF100E221FE /* Assets.xcassets in Resources */ = {isa = PBXBuildFile; fileRef = 5C24CA10274BABF100E221FE /* Assets.xcassets */; };
		5C24CA14274BABF100E221FE /* LaunchScreen.storyboard in Resources */ = {isa = PBXBuildFile; fileRef = 5C24CA12274BABF100E221FE /* LaunchScreen.storyboard */; };
		5C24CA1F274BABF200E221FE /* ChallengeTests.swift in Sources */ = {isa = PBXBuildFile; fileRef = 5C24CA1E274BABF200E221FE /* ChallengeTests.swift */; };
		5C24CA29274BABF200E221FE /* ChallengeUITests.swift in Sources */ = {isa = PBXBuildFile; fileRef = 5C24CA28274BABF200E221FE /* ChallengeUITests.swift */; };
		5C24CA2B274BABF200E221FE /* ChallengeUITestsLaunchTests.swift in Sources */ = {isa = PBXBuildFile; fileRef = 5C24CA2A274BABF200E221FE /* ChallengeUITestsLaunchTests.swift */; };
/* End PBXBuildFile section */

/* Begin PBXContainerItemProxy section */
		5C24CA1B274BABF200E221FE /* PBXContainerItemProxy */ = {
			isa = PBXContainerItemProxy;
			containerPortal = 5C24C9F9274BABEE00E221FE /* Project object */;
			proxyType = 1;
			remoteGlobalIDString = 5C24CA00274BABEE00E221FE;
			remoteInfo = Challenge;
		};
		5C24CA25274BABF200E221FE /* PBXContainerItemProxy */ = {
			isa = PBXContainerItemProxy;
			containerPortal = 5C24C9F9274BABEE00E221FE /* Project object */;
			proxyType = 1;
			remoteGlobalIDString = 5C24CA00274BABEE00E221FE;
			remoteInfo = Challenge;
		};
/* End PBXContainerItemProxy section */

/* Begin PBXFileReference section */
		5C24CA01274BABEF00E221FE /* Challenge.app */ = {isa = PBXFileReference; explicitFileType = wrapper.application; includeInIndex = 0; path = Challenge.app; sourceTree = BUILT_PRODUCTS_DIR; };
		5C24CA04274BABEF00E221FE /* AppDelegate.swift */ = {isa = PBXFileReference; lastKnownFileType = sourcecode.swift; path = AppDelegate.swift; sourceTree = "<group>"; };
		5C24CA06274BABEF00E221FE /* SceneDelegate.swift */ = {isa = PBXFileReference; lastKnownFileType = sourcecode.swift; path = SceneDelegate.swift; sourceTree = "<group>"; };
		5C24CA08274BABEF00E221FE /* ViewController.swift */ = {isa = PBXFileReference; lastKnownFileType = sourcecode.swift; path = ViewController.swift; sourceTree = "<group>"; };
		5C24CA0B274BABEF00E221FE /* Base */ = {isa = PBXFileReference; lastKnownFileType = file.storyboard; name = Base; path = Base.lproj/Main.storyboard; sourceTree = "<group>"; };
		5C24CA0E274BABEF00E221FE /* Challenge.xcdatamodel */ = {isa = PBXFileReference; lastKnownFileType = wrapper.xcdatamodel; path = Challenge.xcdatamodel; sourceTree = "<group>"; };
		5C24CA10274BABF100E221FE /* Assets.xcassets */ = {isa = PBXFileReference; lastKnownFileType = folder.assetcatalog; path = Assets.xcassets; sourceTree = "<group>"; };
		5C24CA13274BABF100E221FE /* Base */ = {isa = PBXFileReference; lastKnownFileType = file.storyboard; name = Base; path = Base.lproj/LaunchScreen.storyboard; sourceTree = "<group>"; };
		5C24CA15274BABF100E221FE /* Info.plist */ = {isa = PBXFileReference; lastKnownFileType = text.plist.xml; path = Info.plist; sourceTree = "<group>"; };
		5C24CA1A274BABF200E221FE /* ChallengeTests.xctest */ = {isa = PBXFileReference; explicitFileType = wrapper.cfbundle; includeInIndex = 0; path = ChallengeTests.xctest; sourceTree = BUILT_PRODUCTS_DIR; };
		5C24CA1E274BABF200E221FE /* ChallengeTests.swift */ = {isa = PBXFileReference; lastKnownFileType = sourcecode.swift; path = ChallengeTests.swift; sourceTree = "<group>"; };
		5C24CA24274BABF200E221FE /* ChallengeUITests.xctest */ = {isa = PBXFileReference; explicitFileType = wrapper.cfbundle; includeInIndex = 0; path = ChallengeUITests.xctest; sourceTree = BUILT_PRODUCTS_DIR; };
		5C24CA28274BABF200E221FE /* ChallengeUITests.swift */ = {isa = PBXFileReference; lastKnownFileType = sourcecode.swift; path = ChallengeUITests.swift; sourceTree = "<group>"; };
		5C24CA2A274BABF200E221FE /* ChallengeUITestsLaunchTests.swift */ = {isa = PBXFileReference; lastKnownFileType = sourcecode.swift; path = ChallengeUITestsLaunchTests.swift; sourceTree = "<group>"; };
/* End PBXFileReference section */

/* Begin PBXFrameworksBuildPhase section */
		5C24C9FE274BABEE00E221FE /* Frameworks */ = {
			isa = PBXFrameworksBuildPhase;
			buildActionMask = 2147483647;
			files = (
			);
			runOnlyForDeploymentPostprocessing = 0;
		};
		5C24CA17274BABF200E221FE /* Frameworks */ = {
			isa = PBXFrameworksBuildPhase;
			buildActionMask = 2147483647;
			files = (
			);
			runOnlyForDeploymentPostprocessing = 0;
		};
		5C24CA21274BABF200E221FE /* Frameworks */ = {
			isa = PBXFrameworksBuildPhase;
			buildActionMask = 2147483647;
			files = (
			);
			runOnlyForDeploymentPostprocessing = 0;
		};
/* End PBXFrameworksBuildPhase section */

/* Begin PBXGroup section */
		5C24C9F8274BABEE00E221FE = {
			isa = PBXGroup;
			children = (
				5C24CA03274BABEF00E221FE /* Challenge */,
				5C24CA1D274BABF200E221FE /* ChallengeTests */,
				5C24CA27274BABF200E221FE /* ChallengeUITests */,
				5C24CA02274BABEF00E221FE /* Products */,
			);
			sourceTree = "<group>";
		};
		5C24CA02274BABEF00E221FE /* Products */ = {
			isa = PBXGroup;
			children = (
				5C24CA01274BABEF00E221FE /* Challenge.app */,
				5C24CA1A274BABF200E221FE /* ChallengeTests.xctest */,
				5C24CA24274BABF200E221FE /* ChallengeUITests.xctest */,
			);
			name = Products;
			sourceTree = "<group>";
		};
		5C24CA03274BABEF00E221FE /* Challenge */ = {
			isa = PBXGroup;
			children = (
				5C24CA04274BABEF00E221FE /* AppDelegate.swift */,
				5C24CA06274BABEF00E221FE /* SceneDelegate.swift */,
				5C24CA08274BABEF00E221FE /* ViewController.swift */,
				5C24CA0A274BABEF00E221FE /* Main.storyboard */,
				5C24CA10274BABF100E221FE /* Assets.xcassets */,
				5C24CA12274BABF100E221FE /* LaunchScreen.storyboard */,
				5C24CA15274BABF100E221FE /* Info.plist */,
				5C24CA0D274BABEF00E221FE /* Challenge.xcdatamodeld */,
			);
			path = Challenge;
			sourceTree = "<group>";
		};
		5C24CA1D274BABF200E221FE /* ChallengeTests */ = {
			isa = PBXGroup;
			children = (
				5C24CA1E274BABF200E221FE /* ChallengeTests.swift */,
			);
			path = ChallengeTests;
			sourceTree = "<group>";
		};
		5C24CA27274BABF200E221FE /* ChallengeUITests */ = {
			isa = PBXGroup;
			children = (
				5C24CA28274BABF200E221FE /* ChallengeUITests.swift */,
				5C24CA2A274BABF200E221FE /* ChallengeUITestsLaunchTests.swift */,
			);
			path = ChallengeUITests;
			sourceTree = "<group>";
		};
/* End PBXGroup section */

/* Begin PBXNativeTarget section */
		5C24CA00274BABEE00E221FE /* Challenge */ = {
			isa = PBXNativeTarget;
			buildConfigurationList = 5C24CA2E274BABF200E221FE /* Build configuration list for PBXNativeTarget "Challenge" */;
			buildPhases = (
				5C24C9FD274BABEE00E221FE /* Sources */,
				5C24C9FE274BABEE00E221FE /* Frameworks */,
				5C24C9FF274BABEE00E221FE /* Resources */,
			);
			buildRules = (
			);
			dependencies = (
			);
			name = Challenge;
			productName = Challenge;
			productReference = 5C24CA01274BABEF00E221FE /* Challenge.app */;
			productType = "com.apple.product-type.application";
		};
		5C24CA19274BABF200E221FE /* ChallengeTests */ = {
			isa = PBXNativeTarget;
			buildConfigurationList = 5C24CA31274BABF200E221FE /* Build configuration list for PBXNativeTarget "ChallengeTests" */;
			buildPhases = (
				5C24CA16274BABF200E221FE /* Sources */,
				5C24CA17274BABF200E221FE /* Frameworks */,
				5C24CA18274BABF200E221FE /* Resources */,
			);
			buildRules = (
			);
			dependencies = (
				5C24CA1C274BABF200E221FE /* PBXTargetDependency */,
			);
			name = ChallengeTests;
			productName = ChallengeTests;
			productReference = 5C24CA1A274BABF200E221FE /* ChallengeTests.xctest */;
			productType = "com.apple.product-type.bundle.unit-test";
		};
		5C24CA23274BABF200E221FE /* ChallengeUITests */ = {
			isa = PBXNativeTarget;
			buildConfigurationList = 5C24CA34274BABF200E221FE /* Build configuration list for PBXNativeTarget "ChallengeUITests" */;
			buildPhases = (
				5C24CA20274BABF200E221FE /* Sources */,
				5C24CA21274BABF200E221FE /* Frameworks */,
				5C24CA22274BABF200E221FE /* Resources */,
			);
			buildRules = (
			);
			dependencies = (
				5C24CA26274BABF200E221FE /* PBXTargetDependency */,
			);
			name = ChallengeUITests;
			productName = ChallengeUITests;
			productReference = 5C24CA24274BABF200E221FE /* ChallengeUITests.xctest */;
			productType = "com.apple.product-type.bundle.ui-testing";
		};
/* End PBXNativeTarget section */

/* Begin PBXProject section */
		5C24C9F9274BABEE00E221FE /* Project object */ = {
			isa = PBXProject;
			attributes = {
				BuildIndependentTargetsInParallel = 1;
				LastSwiftUpdateCheck = 1310;
				LastUpgradeCheck = 1310;
				TargetAttributes = {
					5C24CA00274BABEE00E221FE = {
						CreatedOnToolsVersion = 13.1;
					};
					5C24CA19274BABF200E221FE = {
						CreatedOnToolsVersion = 13.1;
						TestTargetID = 5C24CA00274BABEE00E221FE;
					};
					5C24CA23274BABF200E221FE = {
						CreatedOnToolsVersion = 13.1;
						TestTargetID = 5C24CA00274BABEE00E221FE;
					};
				};
			};
			buildConfigurationList = 5C24C9FC274BABEE00E221FE /* Build configuration list for PBXProject "Challenge" */;
			compatibilityVersion = "Xcode 13.0";
			developmentRegion = en;
			hasScannedForEncodings = 0;
			knownRegions = (
				en,
				Base,
			);
			mainGroup = 5C24C9F8274BABEE00E221FE;
			productRefGroup = 5C24CA02274BABEF00E221FE /* Products */;
			projectDirPath = "";
			projectRoot = "";
			targets = (
				5C24CA00274BABEE00E221FE /* Challenge */,
				5C24CA19274BABF200E221FE /* ChallengeTests */,
				5C24CA23274BABF200E221FE /* ChallengeUITests */,
			);
		};
/* End PBXProject section */

/* Begin PBXResourcesBuildPhase section */
		5C24C9FF274BABEE00E221FE /* Resources */ = {
			isa = PBXResourcesBuildPhase;
			buildActionMask = 2147483647;
			files = (
				5C24CA14274BABF100E221FE /* LaunchScreen.storyboard in Resources */,
				5C24CA11274BABF100E221FE /* Assets.xcassets in Resources */,
				5C24CA0C274BABEF00E221FE /* Main.storyboard in Resources */,
			);
			runOnlyForDeploymentPostprocessing = 0;
		};
		5C24CA18274BABF200E221FE /* Resources */ = {
			isa = PBXResourcesBuildPhase;
			buildActionMask = 2147483647;
			files = (
			);
			runOnlyForDeploymentPostprocessing = 0;
		};
		5C24CA22274BABF200E221FE /* Resources */ = {
			isa = PBXResourcesBuildPhase;
			buildActionMask = 2147483647;
			files = (
			);
			runOnlyForDeploymentPostprocessing = 0;
		};
/* End PBXResourcesBuildPhase section */

/* Begin PBXSourcesBuildPhase section */
		5C24C9FD274BABEE00E221FE /* Sources */ = {
			isa = PBXSourcesBuildPhase;
			buildActionMask = 2147483647;
			files = (
				5C24CA09274BABEF00E221FE /* ViewController.swift in Sources */,
				5C24CA0F274BABEF00E221FE /* Challenge.xcdatamodeld in Sources */,
				5C24CA05274BABEF00E221FE /* AppDelegate.swift in Sources */,
				5C24CA07274BABEF00E221FE /* SceneDelegate.swift in Sources */,
			);
			runOnlyForDeploymentPostprocessing = 0;
		};
		5C24CA16274BABF200E221FE /* Sources */ = {
			isa = PBXSourcesBuildPhase;
			buildActionMask = 2147483647;
			files = (
				5C24CA1F274BABF200E221FE /* ChallengeTests.swift in Sources */,
			);
			runOnlyForDeploymentPostprocessing = 0;
		};
		5C24CA20274BABF200E221FE /* Sources */ = {
			isa = PBXSourcesBuildPhase;
			buildActionMask = 2147483647;
			files = (
				5C24CA2B274BABF200E221FE /* ChallengeUITestsLaunchTests.swift in Sources */,
				5C24CA29274BABF200E221FE /* ChallengeUITests.swift in Sources */,
			);
			runOnlyForDeploymentPostprocessing = 0;
		};
/* End PBXSourcesBuildPhase section */

/* Begin PBXTargetDependency section */
		5C24CA1C274BABF200E221FE /* PBXTargetDependency */ = {
			isa = PBXTargetDependency;
			target = 5C24CA00274BABEE00E221FE /* Challenge */;
			targetProxy = 5C24CA1B274BABF200E221FE /* PBXContainerItemProxy */;
		};
		5C24CA26274BABF200E221FE /* PBXTargetDependency */ = {
			isa = PBXTargetDependency;
			target = 5C24CA00274BABEE00E221FE /* Challenge */;
			targetProxy = 5C24CA25274BABF200E221FE /* PBXContainerItemProxy */;
		};
/* End PBXTargetDependency section */

/* Begin PBXVariantGroup section */
		5C24CA0A274BABEF00E221FE /* Main.storyboard */ = {
			isa = PBXVariantGroup;
			children = (
				5C24CA0B274BABEF00E221FE /* Base */,
			);
			name = Main.storyboard;
			sourceTree = "<group>";
		};
		5C24CA12274BABF100E221FE /* LaunchScreen.storyboard */ = {
			isa = PBXVariantGroup;
			children = (
				5C24CA13274BABF100E221FE /* Base */,
			);
			name = LaunchScreen.storyboard;
			sourceTree = "<group>";
		};
/* End PBXVariantGroup section */

/* Begin XCBuildConfiguration section */
		5C24CA2C274BABF200E221FE /* Debug */ = {
			isa = XCBuildConfiguration;
			buildSettings = {
				ALWAYS_SEARCH_USER_PATHS = NO;
				CLANG_ANALYZER_NONNULL = YES;
				CLANG_ANALYZER_NUMBER_OBJECT_CONVERSION = YES_AGGRESSIVE;
				CLANG_CXX_LANGUAGE_STANDARD = "gnu++17";
				CLANG_CXX_LIBRARY = "libc++";
				CLANG_ENABLE_MODULES = YES;
				CLANG_ENABLE_OBJC_ARC = YES;
				CLANG_ENABLE_OBJC_WEAK = YES;
				CLANG_WARN_BLOCK_CAPTURE_AUTORELEASING = YES;
				CLANG_WARN_BOOL_CONVERSION = YES;
				CLANG_WARN_COMMA = YES;
				CLANG_WARN_CONSTANT_CONVERSION = YES;
				CLANG_WARN_DEPRECATED_OBJC_IMPLEMENTATIONS = YES;
				CLANG_WARN_DIRECT_OBJC_ISA_USAGE = YES_ERROR;
				CLANG_WARN_DOCUMENTATION_COMMENTS = YES;
				CLANG_WARN_EMPTY_BODY = YES;
				CLANG_WARN_ENUM_CONVERSION = YES;
				CLANG_WARN_INFINITE_RECURSION = YES;
				CLANG_WARN_INT_CONVERSION = YES;
				CLANG_WARN_NON_LITERAL_NULL_CONVERSION = YES;
				CLANG_WARN_OBJC_IMPLICIT_RETAIN_SELF = YES;
				CLANG_WARN_OBJC_LITERAL_CONVERSION = YES;
				CLANG_WARN_OBJC_ROOT_CLASS = YES_ERROR;
				CLANG_WARN_QUOTED_INCLUDE_IN_FRAMEWORK_HEADER = YES;
				CLANG_WARN_RANGE_LOOP_ANALYSIS = YES;
				CLANG_WARN_STRICT_PROTOTYPES = YES;
				CLANG_WARN_SUSPICIOUS_MOVE = YES;
				CLANG_WARN_UNGUARDED_AVAILABILITY = YES_AGGRESSIVE;
				CLANG_WARN_UNREACHABLE_CODE = YES;
				CLANG_WARN__DUPLICATE_METHOD_MATCH = YES;
				COPY_PHASE_STRIP = NO;
				DEBUG_INFORMATION_FORMAT = dwarf;
				ENABLE_STRICT_OBJC_MSGSEND = YES;
				ENABLE_TESTABILITY = YES;
				GCC_C_LANGUAGE_STANDARD = gnu11;
				GCC_DYNAMIC_NO_PIC = NO;
				GCC_NO_COMMON_BLOCKS = YES;
				GCC_OPTIMIZATION_LEVEL = 0;
				GCC_PREPROCESSOR_DEFINITIONS = (
					"DEBUG=1",
					"$(inherited)",
				);
				GCC_WARN_64_TO_32_BIT_CONVERSION = YES;
				GCC_WARN_ABOUT_RETURN_TYPE = YES_ERROR;
				GCC_WARN_UNDECLARED_SELECTOR = YES;
				GCC_WARN_UNINITIALIZED_AUTOS = YES_AGGRESSIVE;
				GCC_WARN_UNUSED_FUNCTION = YES;
				GCC_WARN_UNUSED_VARIABLE = YES;
				IPHONEOS_DEPLOYMENT_TARGET = 15.0;
				MTL_ENABLE_DEBUG_INFO = INCLUDE_SOURCE;
				MTL_FAST_MATH = YES;
				ONLY_ACTIVE_ARCH = YES;
				SDKROOT = iphoneos;
				SWIFT_ACTIVE_COMPILATION_CONDITIONS = DEBUG;
				SWIFT_OPTIMIZATION_LEVEL = "-Onone";
			};
			name = Debug;
		};
		5C24CA2D274BABF200E221FE /* Release */ = {
			isa = XCBuildConfiguration;
			buildSettings = {
				ALWAYS_SEARCH_USER_PATHS = NO;
				CLANG_ANALYZER_NONNULL = YES;
				CLANG_ANALYZER_NUMBER_OBJECT_CONVERSION = YES_AGGRESSIVE;
				CLANG_CXX_LANGUAGE_STANDARD = "gnu++17";
				CLANG_CXX_LIBRARY = "libc++";
				CLANG_ENABLE_MODULES = YES;
				CLANG_ENABLE_OBJC_ARC = YES;
				CLANG_ENABLE_OBJC_WEAK = YES;
				CLANG_WARN_BLOCK_CAPTURE_AUTORELEASING = YES;
				CLANG_WARN_BOOL_CONVERSION = YES;
				CLANG_WARN_COMMA = YES;
				CLANG_WARN_CONSTANT_CONVERSION = YES;
				CLANG_WARN_DEPRECATED_OBJC_IMPLEMENTATIONS = YES;
				CLANG_WARN_DIRECT_OBJC_ISA_USAGE = YES_ERROR;
				CLANG_WARN_DOCUMENTATION_COMMENTS = YES;
				CLANG_WARN_EMPTY_BODY = YES;
				CLANG_WARN_ENUM_CONVERSION = YES;
				CLANG_WARN_INFINITE_RECURSION = YES;
				CLANG_WARN_INT_CONVERSION = YES;
				CLANG_WARN_NON_LITERAL_NULL_CONVERSION = YES;
				CLANG_WARN_OBJC_IMPLICIT_RETAIN_SELF = YES;
				CLANG_WARN_OBJC_LITERAL_CONVERSION = YES;
				CLANG_WARN_OBJC_ROOT_CLASS = YES_ERROR;
				CLANG_WARN_QUOTED_INCLUDE_IN_FRAMEWORK_HEADER = YES;
				CLANG_WARN_RANGE_LOOP_ANALYSIS = YES;
				CLANG_WARN_STRICT_PROTOTYPES = YES;
				CLANG_WARN_SUSPICIOUS_MOVE = YES;
				CLANG_WARN_UNGUARDED_AVAILABILITY = YES_AGGRESSIVE;
				CLANG_WARN_UNREACHABLE_CODE = YES;
				CLANG_WARN__DUPLICATE_METHOD_MATCH = YES;
				COPY_PHASE_STRIP = NO;
				DEBUG_INFORMATION_FORMAT = "dwarf-with-dsym";
				ENABLE_NS_ASSERTIONS = NO;
				ENABLE_STRICT_OBJC_MSGSEND = YES;
				GCC_C_LANGUAGE_STANDARD = gnu11;
				GCC_NO_COMMON_BLOCKS = YES;
				GCC_WARN_64_TO_32_BIT_CONVERSION = YES;
				GCC_WARN_ABOUT_RETURN_TYPE = YES_ERROR;
				GCC_WARN_UNDECLARED_SELECTOR = YES;
				GCC_WARN_UNINITIALIZED_AUTOS = YES_AGGRESSIVE;
				GCC_WARN_UNUSED_FUNCTION = YES;
				GCC_WARN_UNUSED_VARIABLE = YES;
				IPHONEOS_DEPLOYMENT_TARGET = 15.0;
				MTL_ENABLE_DEBUG_INFO = NO;
				MTL_FAST_MATH = YES;
				SDKROOT = iphoneos;
				SWIFT_COMPILATION_MODE = wholemodule;
				SWIFT_OPTIMIZATION_LEVEL = "-O";
				VALIDATE_PRODUCT = YES;
			};
			name = Release;
		};
		5C24CA2F274BABF200E221FE /* Debug */ = {
			isa = XCBuildConfiguration;
			buildSettings = {
				ASSETCATALOG_COMPILER_APPICON_NAME = AppIcon;
				ASSETCATALOG_COMPILER_GLOBAL_ACCENT_COLOR_NAME = AccentColor;
				CODE_SIGN_STYLE = Automatic;
				CURRENT_PROJECT_VERSION = 1;
				GENERATE_INFOPLIST_FILE = YES;
				INFOPLIST_FILE = Challenge/Info.plist;
				INFOPLIST_KEY_UIApplicationSupportsIndirectInputEvents = YES;
				INFOPLIST_KEY_UILaunchStoryboardName = LaunchScreen;
				INFOPLIST_KEY_UIMainStoryboardFile = Main;
				INFOPLIST_KEY_UISupportedInterfaceOrientations_iPad = "UIInterfaceOrientationPortrait UIInterfaceOrientationPortraitUpsideDown UIInterfaceOrientationLandscapeLeft UIInterfaceOrientationLandscapeRight";
				INFOPLIST_KEY_UISupportedInterfaceOrientations_iPhone = "UIInterfaceOrientationPortrait UIInterfaceOrientationLandscapeLeft UIInterfaceOrientationLandscapeRight";
				LD_RUNPATH_SEARCH_PATHS = (
					"$(inherited)",
					"@executable_path/Frameworks",
				);
				MARKETING_VERSION = 1.0;
				PRODUCT_BUNDLE_IDENTIFIER = ntg.Challenge;
				PRODUCT_NAME = "$(TARGET_NAME)";
				SWIFT_EMIT_LOC_STRINGS = YES;
				SWIFT_VERSION = 5.0;
				TARGETED_DEVICE_FAMILY = "1,2";
			};
			name = Debug;
		};
		5C24CA30274BABF200E221FE /* Release */ = {
			isa = XCBuildConfiguration;
			buildSettings = {
				ASSETCATALOG_COMPILER_APPICON_NAME = AppIcon;
				ASSETCATALOG_COMPILER_GLOBAL_ACCENT_COLOR_NAME = AccentColor;
				CODE_SIGN_STYLE = Automatic;
				CURRENT_PROJECT_VERSION = 1;
				GENERATE_INFOPLIST_FILE = YES;
				INFOPLIST_FILE = Challenge/Info.plist;
				INFOPLIST_KEY_UIApplicationSupportsIndirectInputEvents = YES;
				INFOPLIST_KEY_UILaunchStoryboardName = LaunchScreen;
				INFOPLIST_KEY_UIMainStoryboardFile = Main;
				INFOPLIST_KEY_UISupportedInterfaceOrientations_iPad = "UIInterfaceOrientationPortrait UIInterfaceOrientationPortraitUpsideDown UIInterfaceOrientationLandscapeLeft UIInterfaceOrientationLandscapeRight";
				INFOPLIST_KEY_UISupportedInterfaceOrientations_iPhone = "UIInterfaceOrientationPortrait UIInterfaceOrientationLandscapeLeft UIInterfaceOrientationLandscapeRight";
				LD_RUNPATH_SEARCH_PATHS = (
					"$(inherited)",
					"@executable_path/Frameworks",
				);
				MARKETING_VERSION = 1.0;
				PRODUCT_BUNDLE_IDENTIFIER = ntg.Challenge;
				PRODUCT_NAME = "$(TARGET_NAME)";
				SWIFT_EMIT_LOC_STRINGS = YES;
				SWIFT_VERSION = 5.0;
				TARGETED_DEVICE_FAMILY = "1,2";
			};
			name = Release;
		};
		5C24CA32274BABF200E221FE /* Debug */ = {
			isa = XCBuildConfiguration;
			buildSettings = {
				ALWAYS_EMBED_SWIFT_STANDARD_LIBRARIES = YES;
				BUNDLE_LOADER = "$(TEST_HOST)";
				CODE_SIGN_STYLE = Automatic;
				CURRENT_PROJECT_VERSION = 1;
				GENERATE_INFOPLIST_FILE = YES;
				IPHONEOS_DEPLOYMENT_TARGET = 15.0;
				LD_RUNPATH_SEARCH_PATHS = (
					"$(inherited)",
					"@executable_path/Frameworks",
					"@loader_path/Frameworks",
				);
				MARKETING_VERSION = 1.0;
				PRODUCT_BUNDLE_IDENTIFIER = ntg.ChallengeTests;
				PRODUCT_NAME = "$(TARGET_NAME)";
				SWIFT_EMIT_LOC_STRINGS = NO;
				SWIFT_VERSION = 5.0;
				TARGETED_DEVICE_FAMILY = "1,2";
				TEST_HOST = "$(BUILT_PRODUCTS_DIR)/Challenge.app/Challenge";
			};
			name = Debug;
		};
		5C24CA33274BABF200E221FE /* Release */ = {
			isa = XCBuildConfiguration;
			buildSettings = {
				ALWAYS_EMBED_SWIFT_STANDARD_LIBRARIES = YES;
				BUNDLE_LOADER = "$(TEST_HOST)";
				CODE_SIGN_STYLE = Automatic;
				CURRENT_PROJECT_VERSION = 1;
				GENERATE_INFOPLIST_FILE = YES;
				IPHONEOS_DEPLOYMENT_TARGET = 15.0;
				LD_RUNPATH_SEARCH_PATHS = (
					"$(inherited)",
					"@executable_path/Frameworks",
					"@loader_path/Frameworks",
				);
				MARKETING_VERSION = 1.0;
				PRODUCT_BUNDLE_IDENTIFIER = ntg.ChallengeTests;
				PRODUCT_NAME = "$(TARGET_NAME)";
				SWIFT_EMIT_LOC_STRINGS = NO;
				SWIFT_VERSION = 5.0;
				TARGETED_DEVICE_FAMILY = "1,2";
				TEST_HOST = "$(BUILT_PRODUCTS_DIR)/Challenge.app/Challenge";
			};
			name = Release;
		};
		5C24CA35274BABF200E221FE /* Debug */ = {
			isa = XCBuildConfiguration;
			buildSettings = {
				ALWAYS_EMBED_SWIFT_STANDARD_LIBRARIES = YES;
				CODE_SIGN_STYLE = Automatic;
				CURRENT_PROJECT_VERSION = 1;
				GENERATE_INFOPLIST_FILE = YES;
				LD_RUNPATH_SEARCH_PATHS = (
					"$(inherited)",
					"@executable_path/Frameworks",
					"@loader_path/Frameworks",
				);
				MARKETING_VERSION = 1.0;
				PRODUCT_BUNDLE_IDENTIFIER = ntg.ChallengeUITests;
				PRODUCT_NAME = "$(TARGET_NAME)";
				SWIFT_EMIT_LOC_STRINGS = NO;
				SWIFT_VERSION = 5.0;
				TARGETED_DEVICE_FAMILY = "1,2";
				TEST_TARGET_NAME = Challenge;
			};
			name = Debug;
		};
		5C24CA36274BABF200E221FE /* Release */ = {
			isa = XCBuildConfiguration;
			buildSettings = {
				ALWAYS_EMBED_SWIFT_STANDARD_LIBRARIES = YES;
				CODE_SIGN_STYLE = Automatic;
				CURRENT_PROJECT_VERSION = 1;
				GENERATE_INFOPLIST_FILE = YES;
				LD_RUNPATH_SEARCH_PATHS = (
					"$(inherited)",
					"@executable_path/Frameworks",
					"@loader_path/Frameworks",
				);
				MARKETING_VERSION = 1.0;
				PRODUCT_BUNDLE_IDENTIFIER = ntg.ChallengeUITests;
				PRODUCT_NAME = "$(TARGET_NAME)";
				SWIFT_EMIT_LOC_STRINGS = NO;
				SWIFT_VERSION = 5.0;
				TARGETED_DEVICE_FAMILY = "1,2";
				TEST_TARGET_NAME = Challenge;
			};
			name = Release;
		};
/* End XCBuildConfiguration section */

/* Begin XCConfigurationList section */
		5C24C9FC274BABEE00E221FE /* Build configuration list for PBXProject "Challenge" */ = {
			isa = XCConfigurationList;
			buildConfigurations = (
				5C24CA2C274BABF200E221FE /* Debug */,
				5C24CA2D274BABF200E221FE /* Release */,
			);
			defaultConfigurationIsVisible = 0;
			defaultConfigurationName = Release;
		};
		5C24CA2E274BABF200E221FE /* Build configuration list for PBXNativeTarget "Challenge" */ = {
			isa = XCConfigurationList;
			buildConfigurations = (
				5C24CA2F274BABF200E221FE /* Debug */,
				5C24CA30274BABF200E221FE /* Release */,
			);
			defaultConfigurationIsVisible = 0;
			defaultConfigurationName = Release;
		};
		5C24CA31274BABF200E221FE /* Build configuration list for PBXNativeTarget "ChallengeTests" */ = {
			isa = XCConfigurationList;
			buildConfigurations = (
				5C24CA32274BABF200E221FE /* Debug */,
				5C24CA33274BABF200E221FE /* Release */,
			);
			defaultConfigurationIsVisible = 0;
			defaultConfigurationName = Release;
		};
		5C24CA34274BABF200E221FE /* Build configuration list for PBXNativeTarget "ChallengeUITests" */ = {
			isa = XCConfigurationList;
			buildConfigurations = (
				5C24CA35274BABF200E221FE /* Debug */,
				5C24CA36274BABF200E221FE /* Release */,
			);
			defaultConfigurationIsVisible = 0;
			defaultConfigurationName = Release;
		};
/* End XCConfigurationList section */

/* Begin XCVersionGroup section */
		5C24CA0D274BABEF00E221FE /* Challenge.xcdatamodeld */ = {
			isa = XCVersionGroup;
			children = (
				5C24CA0E274BABEF00E221FE /* Challenge.xcdatamodel */,
			);
			currentVersion = 5C24CA0E274BABEF00E221FE /* Challenge.xcdatamodel */;
			path = Challenge.xcdatamodeld;
			sourceTree = "<group>";
			versionGroupType = wrapper.xcdatamodel;
		};
/* End XCVersionGroup section */
	};
	rootObject = 5C24C9F9274BABEE00E221FE /* Project object */;
}
